
Microsoft Visual Studio Solution File, Format Version 12.00
# Visual Studio Version 17
VisualStudioVersion = 17.3.32804.467
MinimumVisualStudioVersion = 10.0.40219.1
Project("{FAE04EC0-301F-11D3-BF4B-00C04F79EFBC}") = "Lesson11_new", "Lesson11_new\Lesson11_new.csproj", "{35390906-C09B-4D58-BE45-0DD830D597C5}"
EndProject
Global
	GlobalSection(SolutionConfigurationPlatforms) = preSolution
		Debug|Any CPU = Debug|Any CPU
		Release|Any CPU = Release|Any CPU
	EndGlobalSection
	GlobalSection(ProjectConfigurationPlatforms) = postSolution
		{35390906-C09B-4D58-BE45-0DD830D597C5}.Debug|Any CPU.ActiveCfg = Debug|Any CPU
		{35390906-C09B-4D58-BE45-0DD830D597C5}.Debug|Any CPU.Build.0 = Debug|Any CPU
		{35390906-C09B-4D58-BE45-0DD830D597C5}.Release|Any CPU.ActiveCfg = Release|Any CPU
		{35390906-C09B-4D58-BE45-0DD830D597C5}.Release|Any CPU.Build.0 = Release|Any CPU
	EndGlobalSection
	GlobalSection(SolutionProperties) = preSolution
		HideSolutionNode = FALSE
	EndGlobalSection
	GlobalSection(ExtensibilityGlobals) = postSolution
		SolutionGuid = {533968A7-507F-4DEB-AABC-128353900DA2}
	EndGlobalSection
EndGlobal
